
Microsoft Visual Studio Solution File, Format Version 12.00
# Visual Studio Version 16
VisualStudioVersion = 16.0.31205.134
MinimumVisualStudioVersion = 10.0.40219.1
Project("{888888A0-9F3D-457C-B088-3A5042F75D52}") = "CV", "CV\CV.pyproj", "{2A2EF6C9-AC89-4D64-A48E-7F48AF6F5432}"
EndProject
Global
	GlobalSection(SolutionConfigurationPlatforms) = preSolution
		Debug|Any CPU = Debug|Any CPU
		Release|Any CPU = Release|Any CPU
	EndGlobalSection
	GlobalSection(ProjectConfigurationPlatforms) = postSolution
		{2A2EF6C9-AC89-4D64-A48E-7F48AF6F5432}.Debug|Any CPU.ActiveCfg = Debug|Any CPU
		{2A2EF6C9-AC89-4D64-A48E-7F48AF6F5432}.Release|Any CPU.ActiveCfg = Release|Any CPU
	EndGlobalSection
	GlobalSection(SolutionProperties) = preSolution
		HideSolutionNode = FALSE
	EndGlobalSection
	GlobalSection(ExtensibilityGlobals) = postSolution
		SolutionGuid = {862FDD9C-547A-4E94-87F5-978A28B8EC18}
	EndGlobalSection
EndGlobal
